{
  "version": "4",
  "specifiers": {
    "jsr:@oak/commons@1": "1.0.0",
    "jsr:@std/assert@1": "1.0.11",
    "jsr:@std/bytes@1": "1.0.4",
    "jsr:@std/bytes@^1.0.2": "1.0.4",
    "jsr:@std/crypto@1": "1.0.3",
    "jsr:@std/encoding@1": "1.0.7",
    "jsr:@std/encoding@^1.0.5": "1.0.7",
    "jsr:@std/http@1": "1.0.12",
    "jsr:@std/internal@^1.0.5": "1.0.5",
    "jsr:@std/io@0.224": "0.224.9",
    "jsr:@std/media-types@1": "1.1.0",
    "jsr:@std/path@1": "1.0.8",
    "npm:path-to-regexp@6.2.1": "6.2.1"
  },
  "jsr": {
    "@oak/commons@1.0.0": {
      "integrity": "49805b55603c3627a9d6235c0655aa2b6222d3036b3a13ff0380c16368f607ac",
      "dependencies": [
        "jsr:@std/assert",
        "jsr:@std/bytes@1",
        "jsr:@std/crypto",
        "jsr:@std/encoding@1",
        "jsr:@std/http",
        "jsr:@std/media-types"
      ]
    },
    "@std/assert@1.0.11": {
      "integrity": "2461ef3c368fe88bc60e186e7744a93112f16fd110022e113a0849e94d1c83c1",
      "dependencies": [
        "jsr:@std/internal"
      ]
    },
    "@std/bytes@1.0.4": {
      "integrity": "11a0debe522707c95c7b7ef89b478c13fb1583a7cfb9a85674cd2cc2e3a28abc"
    },
    "@std/crypto@1.0.3": {
      "integrity": "a2a32f51ddef632d299e3879cd027c630dcd4d1d9a5285d6e6788072f4e51e7f"
    },
    "@std/encoding@1.0.7": {
      "integrity": "f631247c1698fef289f2de9e2a33d571e46133b38d042905e3eac3715030a82d"
    },
    "@std/http@1.0.12": {
      "integrity": "85246d8bfe9c8e2538518725b158bdc31f616e0869255f4a8d9e3de919cab2aa",
      "dependencies": [
        "jsr:@std/encoding@^1.0.5"
      ]
    },
    "@std/internal@1.0.5": {
      "integrity": "54a546004f769c1ac9e025abd15a76b6671ddc9687e2313b67376125650dc7ba"
    },
    "@std/io@0.224.9": {
      "integrity": "4414664b6926f665102e73c969cfda06d2c4c59bd5d0c603fd4f1b1c840d6ee3",
      "dependencies": [
        "jsr:@std/bytes@^1.0.2"
      ]
    },
    "@std/media-types@1.1.0": {
      "integrity": "c9d093f0c05c3512932b330e3cc1fe1d627b301db33a4c2c2185c02471d6eaa4"
    },
    "@std/path@1.0.8": {
      "integrity": "548fa456bb6a04d3c1a1e7477986b6cffbce95102d0bb447c67c4ee70e0364be"
    }
  },
  "npm": {
    "path-to-regexp@6.2.1": {
      "integrity": "sha512-JLyh7xT1kizaEvcaXOQwOc2/Yhw6KZOvPf1S8401UyLk86CU79LN3vl7ztXGm/pZ+YjoyAJ4rxmHwbkBXJX+yw=="
    }
  },
  "redirects": {
    "https://deno.land/std/http/server.ts": "https://deno.land/std@0.224.0/http/server.ts"
  },
  "remote": {
    "https://deno.land/std@0.177.0/async/abortable.ts": "73acfb3ed7261ce0d930dbe89e43db8d34e017b063cf0eaa7d215477bf53442e",
    "https://deno.land/std@0.177.0/async/deadline.ts": "c5facb0b404eede83e38bd2717ea8ab34faa2ffb20ef87fd261fcba32ba307aa",
    "https://deno.land/std@0.177.0/async/debounce.ts": "adab11d04ca38d699444ac8a9d9856b4155e8dda2afd07ce78276c01ea5a4332",
    "https://deno.land/std@0.177.0/async/deferred.ts": "42790112f36a75a57db4a96d33974a936deb7b04d25c6084a9fa8a49f135def8",
    "https://deno.land/std@0.177.0/async/delay.ts": "73aa04cec034c84fc748c7be49bb15cac3dd43a57174bfdb7a4aec22c248f0dd",
    "https://deno.land/std@0.177.0/async/mod.ts": "f04344fa21738e5ad6bea37a6bfffd57c617c2d372bb9f9dcfd118a1b622e576",
    "https://deno.land/std@0.177.0/async/mux_async_iterator.ts": "70c7f2ee4e9466161350473ad61cac0b9f115cff4c552eaa7ef9d50c4cbb4cc9",
    "https://deno.land/std@0.177.0/async/pool.ts": "fd082bd4aaf26445909889435a5c74334c017847842ec035739b4ae637ae8260",
    "https://deno.land/std@0.177.0/async/retry.ts": "5efa3ba450ac0c07a40a82e2df296287b5013755d232049efd7ea2244f15b20f",
    "https://deno.land/std@0.177.0/async/tee.ts": "47e42d35f622650b02234d43803d0383a89eb4387e1b83b5a40106d18ae36757",
    "https://deno.land/std@0.177.0/http/server.ts": "cbb17b594651215ba95c01a395700684e569c165a567e4e04bba327f41197433",
    "https://deno.land/std@0.192.0/_util/asserts.ts": "178dfc49a464aee693a7e285567b3d0b555dc805ff490505a8aae34f9cfb1462",
    "https://deno.land/std@0.192.0/async/abortable.ts": "fd682fa46f3b7b16b4606a5ab52a7ce309434b76f820d3221bdfb862719a15d7",
    "https://deno.land/std@0.192.0/async/deadline.ts": "58f72a3cc0fcb731b2cc055ba046f4b5be3349ff6bf98f2e793c3b969354aab2",
    "https://deno.land/std@0.192.0/async/debounce.ts": "adab11d04ca38d699444ac8a9d9856b4155e8dda2afd07ce78276c01ea5a4332",
    "https://deno.land/std@0.192.0/async/deferred.ts": "42790112f36a75a57db4a96d33974a936deb7b04d25c6084a9fa8a49f135def8",
    "https://deno.land/std@0.192.0/async/delay.ts": "73aa04cec034c84fc748c7be49bb15cac3dd43a57174bfdb7a4aec22c248f0dd",
    "https://deno.land/std@0.192.0/async/mod.ts": "f04344fa21738e5ad6bea37a6bfffd57c617c2d372bb9f9dcfd118a1b622e576",
    "https://deno.land/std@0.192.0/async/mux_async_iterator.ts": "70c7f2ee4e9466161350473ad61cac0b9f115cff4c552eaa7ef9d50c4cbb4cc9",
    "https://deno.land/std@0.192.0/async/pool.ts": "f1b8d3df4d7fd3c73f8cbc91cc2e8b8e950910f1eab94230b443944d7584c657",
    "https://deno.land/std@0.192.0/async/retry.ts": "6521c061a5ab24e8b1ae624bdc581c4243d1d574f99dc7f5a2a195c2241fb1b8",
    "https://deno.land/std@0.192.0/async/tee.ts": "47e42d35f622650b02234d43803d0383a89eb4387e1b83b5a40106d18ae36757",
    "https://deno.land/std@0.192.0/http/server.ts": "1b23463b5b36e4eebc495417f6af47a6f7d52e3294827a1226d2a1aab23d9d20",
    "https://deno.land/std@0.224.0/async/delay.ts": "f90dd685b97c2f142b8069082993e437b1602b8e2561134827eeb7c12b95c499",
    "https://deno.land/std@0.224.0/http/server.ts": "f9313804bf6467a1704f45f76cb6cd0a3396a3b31c316035e6a4c2035d1ea514",
    "https://deno.land/std@0.92.0/_util/assert.ts": "2f868145a042a11d5ad0a3c748dcf580add8a0dbc0e876eaa0026303a5488f58",
    "https://deno.land/std@0.92.0/_util/has_own_property.ts": "f5edd94ed3f3c20c517d812045deb97977e18501c9b7105b5f5c11a31893d7a2",
    "https://deno.land/std@0.92.0/async/deferred.ts": "624bef4b755b71394620508a0c234a93cb8020cbd1b04bfcdad41c174392cef6",
    "https://deno.land/std@0.92.0/async/delay.ts": "9de1d8d07d1927767ab7f82434b883f3d8294fb19cad819691a2ad81a728cf3d",
    "https://deno.land/std@0.92.0/async/mod.ts": "253b41c658d768613eacfb11caa0a9ca7148442f932018a45576f7f27554c853",
    "https://deno.land/std@0.92.0/async/mux_async_iterator.ts": "b9091909db04cdb0af6f7807677372f64c1488de6c4bd86004511b064bf230d6",
    "https://deno.land/std@0.92.0/async/pool.ts": "876f9e6815366cd017a3b4fbb9e9ae40310b1b6972f1bd541c94358bc11fb7e5",
    "https://deno.land/std@0.92.0/bytes/mod.ts": "1ae1ccfe98c4b979f12b015982c7444f81fcb921bea7aa215bf37d84f46e1e13",
    "https://deno.land/std@0.92.0/fmt/colors.ts": "db22b314a2ae9430ae7460ce005e0a7130e23ae1c999157e3bb77cf55800f7e4",
    "https://deno.land/std@0.92.0/hash/sha1.ts": "1cca324b4b253885a47f121adafcfac55b4cc96113e22b338e1db26f37a730b8",
    "https://deno.land/std@0.92.0/http/_io.ts": "bf1331dd3be8aace9120614c1fedc2bb2449edc4779e31b74c0181ea9173f702",
    "https://deno.land/std@0.92.0/http/http_status.ts": "ebaa9bebfb8adc3d7b20c49e11037e4eefd79629ad80d81383933f4cdc91b3eb",
    "https://deno.land/std@0.92.0/http/server.ts": "d4e17c2aa5a5c65a2d19b9f24483be5f6c2a3e03665996fdf973e53c43091b48",
    "https://deno.land/std@0.92.0/io/buffer.ts": "2a92f02c1d8daaebaf13e5678ea5969c89f4fab533f687b9e7e86f49f11c3118",
    "https://deno.land/std@0.92.0/io/bufio.ts": "4053ea5d978479be68ae4d73424045a59c6b7a6e8f66727e4bfde516baa07126",
    "https://deno.land/std@0.92.0/io/ioutil.ts": "275fa440494df9b4b3aa656301ced2eeac533feec128b3a39b2b40f4cd957e42",
    "https://deno.land/std@0.92.0/io/util.ts": "03ca10e063afce551c501505c607ec336a40b9cb72363f5508e2a9ac81096bbf",
    "https://deno.land/std@0.92.0/node/_utils.ts": "33b06f2877d3ee80f17190ee81fdc436755ce74b9c2a9a4492c7cdfe2a03e4c6",
    "https://deno.land/std@0.92.0/node/events.ts": "0feda0707e2229363f5df8b799fed41bb91de6ca7106f27c7a9f0a02ea11b9d4",
    "https://deno.land/std@0.92.0/testing/_diff.ts": "961eaf6d9f5b0a8556c9d835bbc6fa74f5addd7d3b02728ba7936ff93364f7a3",
    "https://deno.land/std@0.92.0/testing/asserts.ts": "83889f9a37bdab16cb68b023a15f9172ceb644f62c0e727c72d4870a666e53d6",
    "https://deno.land/std@0.92.0/textproto/mod.ts": "1c89b39a079dd158893ab2e9ff79391c66049433d6ca82da7d64b32280570d51",
    "https://deno.land/std@0.92.0/ws/mod.ts": "bc521b3066441eb115ac94e3507bcc73098542f81d8d3ce7aad8d837316ce990",
    "https://deno.land/x/oak@v17.1.3/application.ts": "2bcc73b3f22a193554c9958f7080ea635db25594d25ff7944021fca5bf74adba",
    "https://deno.land/x/oak@v17.1.3/body.ts": "0eb7ab9df44d1b79933463d596b5e1a4f0991c94cff591861e58a413bda3f3db",
    "https://deno.land/x/oak@v17.1.3/context.ts": "345cfdaa5a2310558ee0863f2fba5f9ba648188412b16ce342c33266c085f5d3",
    "https://deno.land/x/oak@v17.1.3/deps.ts": "b778c76e91d6d2afe6124981212b6dc3d0b195739ea01857a45396dc78812b59",
    "https://deno.land/x/oak@v17.1.3/http_server_bun.ts": "cb3a66c735cd0533c4c3776b37ae627ab42344c82f91dff63e3030d9656fd3a0",
    "https://deno.land/x/oak@v17.1.3/http_server_native.ts": "3bea00ebb9638203d2449fbf9a14a6b87f119bd45012f13282ececdf7b4c4242",
    "https://deno.land/x/oak@v17.1.3/http_server_native_request.ts": "a4da6f4939736e6323720db2d4b0d19ff2e83f02e52ab1eea9ae80f2c047fa56",
    "https://deno.land/x/oak@v17.1.3/http_server_node.ts": "9bb5291c15305b297fd634aa4c6b1d5054368f4b7a171d7c7c302c73eb2489ed",
    "https://deno.land/x/oak@v17.1.3/middleware.ts": "4170180fe5009d2581a0bdc995e5953b90ccb5b1c3767f3eae8a4fe238b8bd81",
    "https://deno.land/x/oak@v17.1.3/middleware/etag.ts": "eb3cb3a8862ca1990ce80b7d1c3f142c866b22d34c2f785a0e8b46bc34b91f7d",
    "https://deno.land/x/oak@v17.1.3/middleware/proxy.ts": "104890bd3990fa68618c36141d56aff5f95a51deac57ce8b8b0c7a14a8fd2ea4",
    "https://deno.land/x/oak@v17.1.3/middleware/serve.ts": "efceebd70afb73bcabe0a6a8981f3d8474a2f2f30e85b46761aee49e81bd9d6a",
    "https://deno.land/x/oak@v17.1.3/mod.ts": "38e53e01e609583e843f3e2b2677de9872d23d68939ce0de85b402e7a8db01a7",
    "https://deno.land/x/oak@v17.1.3/node_shims.ts": "4db1569b2b79b73f37c4d947f4aaa50a93e266d48fe67601c8a31af17a28884d",
    "https://deno.land/x/oak@v17.1.3/request.ts": "1e7f2c338cd6889b616bbdc9e2062eac27acbffde05c685adfb1c60ecc80682a",
    "https://deno.land/x/oak@v17.1.3/response.ts": "75724db76f2dd782827f2dcaa00e4e1732709399bad2458c787fed2c95c4f8be",
    "https://deno.land/x/oak@v17.1.3/router.ts": "d625307016e5db92a9ff187d9917093cb441a8c442c0d78d8dbdbd9575816b72",
    "https://deno.land/x/oak@v17.1.3/send.ts": "28132e2ebeb0c8d4ab41624ae8f1a7adf652cfddd91e77911274cbc413499fe8",
    "https://deno.land/x/oak@v17.1.3/testing.ts": "cbefaf9d21452e829999eda9b99b920df7fde3f702528a484a4433ffed20a9cf",
    "https://deno.land/x/oak@v17.1.3/types.ts": "cd4ccd3e182d0cba2117cd27f560267970470ab9c0ff6556cadd73f605193be7",
    "https://deno.land/x/oak@v17.1.3/utils/clone_state.ts": "cf8989ddd56816b36ada253ae0acdbd46cdf3d68dbe674d2b66c46640fab3500",
    "https://deno.land/x/oak@v17.1.3/utils/consts.ts": "137c4f73479f5e98a13153b9305f06f0d85df3cf2aacad2c9f82d4c1f3a2f105",
    "https://deno.land/x/oak@v17.1.3/utils/create_promise_with_resolvers.ts": "de99e9a998162b929a011f8873eaf0895cf4742492b3ce6f6866d39217342523",
    "https://deno.land/x/oak@v17.1.3/utils/decode.ts": "2fd843f1217872318c339006dad266d62cdb99bff84bb6adef8a4b86269f51ce",
    "https://deno.land/x/oak@v17.1.3/utils/decode_component.ts": "d3e2c40ecdd2fdb79761c6e9ae224cf01a4643f7c5f4c1e0b69698d43025261b",
    "https://deno.land/x/oak@v17.1.3/utils/encode_url.ts": "c0ed6b318eb9523adeebba32eb9acd059c0f94d3511b2b9e3b024722d1b3dfb8",
    "https://deno.land/x/oak@v17.1.3/utils/resolve_path.ts": "aa39d54a003b38fee55f340a0cba3f93a7af85b8ddd5fbfb049a98fc0109b36d",
    "https://deno.land/x/oak@v17.1.3/utils/streams.ts": "3da73b94681f8d27a82cc67df3f91090ec0bd6c3e9ab957af588d41ab585d923",
    "https://deno.land/x/oak@v17.1.3/utils/type_guards.ts": "a8dbb5ab7424f0355b121537d2454f927e0ca9949262fb67ac4fbefbd5880313",
    "https://deno.land/x/websocket@v0.1.4/deps.ts": "1299887e27e09209d2eedc5c3b6552090842fac9e08f00dd235de39219efbd42",
    "https://deno.land/x/websocket@v0.1.4/lib/errors.ts": "efb2251dac1ac2036809b0bfb520d737aee70e362eba1e287c84d5299fb211e8",
    "https://deno.land/x/websocket@v0.1.4/lib/websocket.ts": "3363e0a8f59284de5439f5f3bd8831b65a2cfba047113fbc72e32934ebec3208",
    "https://deno.land/x/websocket@v0.1.4/mod.ts": "6b24e14dd1c5d64c1671dd678ca545cce9e2ebc91f67e8be864069808b948267"
  },
  "workspace": {
    "dependencies": [
      "jsr:@std/assert@1"
    ]
  }
}
